
Microsoft Visual Studio Solution File, Format Version 12.00
# Visual Studio Version 16
VisualStudioVersion = 16.0.31019.35
MinimumVisualStudioVersion = 10.0.40219.1
Project("{FAE04EC0-301F-11D3-BF4B-00C04F79EFBC}") = "HowManyCaloriesIn", "HowManyCaloriesIn.csproj", "{3430B4A2-57BD-4DA0-91C3-DAF5C971F3FD}"
EndProject
Global
	GlobalSection(SolutionConfigurationPlatforms) = preSolution
		Debug|Any CPU = Debug|Any CPU
		Release|Any CPU = Release|Any CPU
	EndGlobalSection
	GlobalSection(ProjectConfigurationPlatforms) = postSolution
		{3430B4A2-57BD-4DA0-91C3-DAF5C971F3FD}.Debug|Any CPU.ActiveCfg = Debug|Any CPU
		{3430B4A2-57BD-4DA0-91C3-DAF5C971F3FD}.Debug|Any CPU.Build.0 = Debug|Any CPU
		{3430B4A2-57BD-4DA0-91C3-DAF5C971F3FD}.Release|Any CPU.ActiveCfg = Release|Any CPU
		{3430B4A2-57BD-4DA0-91C3-DAF5C971F3FD}.Release|Any CPU.Build.0 = Release|Any CPU
	EndGlobalSection
	GlobalSection(SolutionProperties) = preSolution
		HideSolutionNode = FALSE
	EndGlobalSection
	GlobalSection(ExtensibilityGlobals) = postSolution
		SolutionGuid = {C750E7E1-1FB8-4308-BA64-F570D3762A16}
	EndGlobalSection
EndGlobal
